{
  "version": 4,
  "terraform_version": "1.5.7",
  "serial": 125,
  "lineage": "3aef8fbd-f751-930d-ca18-d34492a61c82",
  "outputs": {},
  "resources": [
    {
      "mode": "managed",
      "type": "aws_eip",
      "name": "nat_eip",
      "provider": "provider[\"registry.terraform.io/hashicorp/aws\"]",
      "instances": [
        {
          "schema_version": 0,
          "attributes": {
            "address": null,
            "allocation_id": "eipalloc-05674bf76c4e094cc",
            "associate_with_private_ip": null,
            "association_id": "eipassoc-0d46ec8458b906daa",
            "carrier_ip": "",
            "customer_owned_ip": "",
            "customer_owned_ipv4_pool": "",
            "domain": "vpc",
            "id": "eipalloc-05674bf76c4e094cc",
            "instance": "",
            "network_border_group": "eu-north-1",
            "network_interface": "eni-01813b1844ed50e2f",
            "private_dns": "ip-10-0-1-56.eu-north-1.compute.internal",
            "private_ip": "10.0.1.56",
            "public_dns": "ec2-13-50-176-149.eu-north-1.compute.amazonaws.com",
            "public_ip": "13.50.176.149",
            "public_ipv4_pool": "amazon",
            "tags": {},
            "tags_all": {},
            "timeouts": null,
            "vpc": true
          },
          "sensitive_attributes": [],
          "private": "eyJlMmJmYjczMC1lY2FhLTExZTYtOGY4OC0zNDM2M2JjN2M0YzAiOnsiZGVsZXRlIjoxODAwMDAwMDAwMDAsInJlYWQiOjkwMDAwMDAwMDAwMCwidXBkYXRlIjozMDAwMDAwMDAwMDB9fQ=="
        }
      ]
    },
    {
      "mode": "managed",
      "type": "aws_instance",
      "name": "application",
      "provider": "provider[\"registry.terraform.io/hashicorp/aws\"]",
      "instances": [
        {
          "schema_version": 1,
          "attributes": {
            "ami": "ami-0703b5d7f7da98d1e",
            "arn": "arn:aws:ec2:eu-north-1:698722785464:instance/i-03ed88504c39da421",
            "associate_public_ip_address": false,
            "availability_zone": "eu-north-1a",
            "capacity_reservation_specification": [
              {
                "capacity_reservation_preference": "open",
                "capacity_reservation_target": []
              }
            ],
            "cpu_core_count": 1,
            "cpu_options": [
              {
                "amd_sev_snp": "",
                "core_count": 1,
                "threads_per_core": 2
              }
            ],
            "cpu_threads_per_core": 2,
            "credit_specification": [
              {
                "cpu_credits": "unlimited"
              }
            ],
            "disable_api_stop": false,
            "disable_api_termination": false,
            "ebs_block_device": [],
            "ebs_optimized": false,
            "enclave_options": [
              {
                "enabled": false
              }
            ],
            "ephemeral_block_device": [],
            "get_password_data": false,
            "hibernation": false,
            "host_id": "",
            "host_resource_group_arn": null,
            "iam_instance_profile": "",
            "id": "i-03ed88504c39da421",
            "instance_initiated_shutdown_behavior": "stop",
            "instance_lifecycle": "",
            "instance_market_options": [],
            "instance_state": "running",
            "instance_type": "t3.micro",
            "ipv6_address_count": 0,
            "ipv6_addresses": [],
            "key_name": "tf_key_pair",
            "launch_template": [],
            "maintenance_options": [
              {
                "auto_recovery": "default"
              }
            ],
            "metadata_options": [
              {
                "http_endpoint": "enabled",
                "http_protocol_ipv6": "disabled",
                "http_put_response_hop_limit": 2,
                "http_tokens": "required",
                "instance_metadata_tags": "disabled"
              }
            ],
            "monitoring": false,
            "network_interface": [],
            "outpost_arn": "",
            "password_data": "",
            "placement_group": "",
            "placement_partition_number": 0,
            "primary_network_interface_id": "eni-034b8c16a11d9fd62",
            "private_dns": "ip-10-0-2-214.eu-north-1.compute.internal",
            "private_dns_name_options": [
              {
                "enable_resource_name_dns_a_record": false,
                "enable_resource_name_dns_aaaa_record": false,
                "hostname_type": "ip-name"
              }
            ],
            "private_ip": "10.0.2.214",
            "public_dns": "",
            "public_ip": "",
            "root_block_device": [
              {
                "delete_on_termination": true,
                "device_name": "/dev/xvda",
                "encrypted": false,
                "iops": 3000,
                "kms_key_id": "",
                "tags": {},
                "throughput": 125,
                "volume_id": "vol-0ca37a3804d5e6025",
                "volume_size": 8,
                "volume_type": "gp3"
              }
            ],
            "secondary_private_ips": [],
            "security_groups": [],
            "source_dest_check": true,
            "spot_instance_request_id": "",
            "subnet_id": "subnet-0ace5a1c474ae6a40",
            "tags": {
              "Name": "application"
            },
            "tags_all": {
              "Name": "application"
            },
            "tenancy": "default",
            "timeouts": null,
            "user_data": null,
            "user_data_base64": null,
            "user_data_replace_on_change": false,
            "volume_tags": null,
            "vpc_security_group_ids": [
              "sg-0a3312ddf1ff5883f"
            ]
          },
          "sensitive_attributes": [],
          "private": "eyJlMmJmYjczMC1lY2FhLTExZTYtOGY4OC0zNDM2M2JjN2M0YzAiOnsiY3JlYXRlIjo2MDAwMDAwMDAwMDAsImRlbGV0ZSI6MTIwMDAwMDAwMDAwMCwidXBkYXRlIjo2MDAwMDAwMDAwMDB9LCJzY2hlbWFfdmVyc2lvbiI6IjEifQ==",
          "dependencies": [
            "aws_key_pair.tf_key_pair",
            "aws_security_group.private_ssh_sg",
            "aws_subnet.private_subnet_az1",
            "aws_vpc.vpc1",
            "tls_private_key.rsa-key"
          ]
        }
      ]
    },
    {
      "mode": "managed",
      "type": "aws_instance",
      "name": "bastion",
      "provider": "provider[\"registry.terraform.io/hashicorp/aws\"]",
      "instances": [
        {
          "schema_version": 1,
          "attributes": {
            "ami": "ami-0703b5d7f7da98d1e",
            "arn": "arn:aws:ec2:eu-north-1:698722785464:instance/i-054e3cba7a79f067a",
            "associate_public_ip_address": true,
            "availability_zone": "eu-north-1a",
            "capacity_reservation_specification": [
              {
                "capacity_reservation_preference": "open",
                "capacity_reservation_target": []
              }
            ],
            "cpu_core_count": 1,
            "cpu_options": [
              {
                "amd_sev_snp": "",
                "core_count": 1,
                "threads_per_core": 2
              }
            ],
            "cpu_threads_per_core": 2,
            "credit_specification": [
              {
                "cpu_credits": "unlimited"
              }
            ],
            "disable_api_stop": false,
            "disable_api_termination": false,
            "ebs_block_device": [],
            "ebs_optimized": false,
            "enclave_options": [
              {
                "enabled": false
              }
            ],
            "ephemeral_block_device": [],
            "get_password_data": false,
            "hibernation": false,
            "host_id": "",
            "host_resource_group_arn": null,
            "iam_instance_profile": "",
            "id": "i-054e3cba7a79f067a",
            "instance_initiated_shutdown_behavior": "stop",
            "instance_lifecycle": "",
            "instance_market_options": [],
            "instance_state": "running",
            "instance_type": "t3.micro",
            "ipv6_address_count": 0,
            "ipv6_addresses": [],
            "key_name": "tf_key_pair",
            "launch_template": [],
            "maintenance_options": [
              {
                "auto_recovery": "default"
              }
            ],
            "metadata_options": [
              {
                "http_endpoint": "enabled",
                "http_protocol_ipv6": "disabled",
                "http_put_response_hop_limit": 2,
                "http_tokens": "required",
                "instance_metadata_tags": "disabled"
              }
            ],
            "monitoring": false,
            "network_interface": [],
            "outpost_arn": "",
            "password_data": "",
            "placement_group": "",
            "placement_partition_number": 0,
            "primary_network_interface_id": "eni-0964286f01ad73fbc",
            "private_dns": "ip-10-0-1-174.eu-north-1.compute.internal",
            "private_dns_name_options": [
              {
                "enable_resource_name_dns_a_record": false,
                "enable_resource_name_dns_aaaa_record": false,
                "hostname_type": "ip-name"
              }
            ],
            "private_ip": "10.0.1.174",
            "public_dns": "",
            "public_ip": "13.49.75.180",
            "root_block_device": [
              {
                "delete_on_termination": true,
                "device_name": "/dev/xvda",
                "encrypted": false,
                "iops": 3000,
                "kms_key_id": "",
                "tags": {},
                "throughput": 125,
                "volume_id": "vol-0d11d90cd594368d9",
                "volume_size": 8,
                "volume_type": "gp3"
              }
            ],
            "secondary_private_ips": [],
            "security_groups": [],
            "source_dest_check": true,
            "spot_instance_request_id": "",
            "subnet_id": "subnet-05b6e15353e40631b",
            "tags": {
              "Name": "bastion"
            },
            "tags_all": {
              "Name": "bastion"
            },
            "tenancy": "default",
            "timeouts": null,
            "user_data": "7eff4dc90bafb9ddf612e31069db44c72132c1e2",
            "user_data_base64": null,
            "user_data_replace_on_change": false,
            "volume_tags": null,
            "vpc_security_group_ids": [
              "sg-0ec5dcc04f1273145"
            ]
          },
          "sensitive_attributes": [
            [
              {
                "type": "get_attr",
                "value": "user_data"
              }
            ]
          ],
          "private": "eyJlMmJmYjczMC1lY2FhLTExZTYtOGY4OC0zNDM2M2JjN2M0YzAiOnsiY3JlYXRlIjo2MDAwMDAwMDAwMDAsImRlbGV0ZSI6MTIwMDAwMDAwMDAwMCwidXBkYXRlIjo2MDAwMDAwMDAwMDB9LCJzY2hlbWFfdmVyc2lvbiI6IjEifQ==",
          "dependencies": [
            "aws_key_pair.tf_key_pair",
            "aws_security_group.public_ssh_sg",
            "aws_subnet.public_subnet_az1",
            "aws_vpc.vpc1",
            "tls_private_key.rsa-key"
          ]
        }
      ]
    },
    {
      "mode": "managed",
      "type": "aws_internet_gateway",
      "name": "igw",
      "provider": "provider[\"registry.terraform.io/hashicorp/aws\"]",
      "instances": [
        {
          "schema_version": 0,
          "attributes": {
            "arn": "arn:aws:ec2:eu-north-1:698722785464:internet-gateway/igw-05833fa3d550701e5",
            "id": "igw-05833fa3d550701e5",
            "owner_id": "698722785464",
            "tags": {
              "Name": "igw"
            },
            "tags_all": {
              "Name": "igw"
            },
            "timeouts": null,
            "vpc_id": "vpc-0c8724a596d8c035c"
          },
          "sensitive_attributes": [],
          "private": "eyJlMmJmYjczMC1lY2FhLTExZTYtOGY4OC0zNDM2M2JjN2M0YzAiOnsiY3JlYXRlIjoxMjAwMDAwMDAwMDAwLCJkZWxldGUiOjEyMDAwMDAwMDAwMDAsInVwZGF0ZSI6MTIwMDAwMDAwMDAwMH19",
          "dependencies": [
            "aws_vpc.vpc1"
          ]
        }
      ]
    },
    {
      "mode": "managed",
      "type": "aws_key_pair",
      "name": "tf_key_pair",
      "provider": "provider[\"registry.terraform.io/hashicorp/aws\"]",
      "instances": [
        {
          "schema_version": 1,
          "attributes": {
            "arn": "arn:aws:ec2:eu-north-1:698722785464:key-pair/tf_key_pair",
            "fingerprint": "10:b3:06:d8:07:7a:73:43:25:33:19:f3:ec:df:9a:74",
            "id": "tf_key_pair",
            "key_name": "tf_key_pair",
            "key_name_prefix": "",
            "key_pair_id": "key-0eeca1e598ad1fa8e",
            "key_type": "rsa",
            "public_key": "ssh-rsa AAAAB3NzaC1yc2EAAAADAQABAAACAQC5hngdzhmF6cUv5ycG/gmd3EBWRnclNazWzXfsdbFhTVGmrGMB1kRCnzG/aRLvdL9G+w7mnN2ilG7sQnvNFFOmEaSiUH7f2s9gSAXPCBA0Ci4JzJZsIqOr1G8a3KLT0Pe2FURlXjchc8L9dkoP8N+aJ3m2RXjwHg0DrZi795k18zgucPSoeRmRHbsTuCTRPPb+5izD/gF4vyJlE+4KUW5ND4krfboeXJqbEygp0jqYeWO/nwmUj9GGBp8s28AgF0xPHWy28Kiklq9aN9nwwDbE+qFdtUQ3zNV8lmGlrt3+QFALpHVhYAHoYS4yxX1mZ08g6/hFdEhbyWFKuoJ9qIWq3ccDliGbrByJLR+HHMxbjXPYyslhHFyWN3K+vzc7IZSpfk4OycUsJgK4HZDqmE9UHHt5X3gasKAIfFdoE6+jXj+9sfRF9rPeG8rpFZCwPt60EzFW461uQG+RZg2gSFjtpiGeHSiagpSxLMSzl2OcY8HuFhGOM2GdGiF9sN5D/MtnbGhnhvJOlj2vpWGzKp0+SsgZXUEJZWJ2j8VN2ogw6f1NYroOS5elPuTpUQ1pnOnhhyH0DywwTCrIlZlz7f+CTbvVN2tXJTtFPrF9qjn2KLb0t+fSp5cI2OkEC7dY7W4CS/wD0TxdkhdxQAHObhw51cDIZzBa8yb1JjI75zfM4w==",
            "tags": {},
            "tags_all": {}
          },
          "sensitive_attributes": [],
          "private": "eyJzY2hlbWFfdmVyc2lvbiI6IjEifQ==",
          "dependencies": [
            "tls_private_key.rsa-key"
          ]
        }
      ]
    },
    {
      "mode": "managed",
      "type": "aws_nat_gateway",
      "name": "nat_gateway",
      "provider": "provider[\"registry.terraform.io/hashicorp/aws\"]",
      "instances": [
        {
          "schema_version": 0,
          "attributes": {
            "allocation_id": "eipalloc-05674bf76c4e094cc",
            "association_id": "eipassoc-0d46ec8458b906daa",
            "connectivity_type": "public",
            "id": "nat-005e10eae6225cfd9",
            "network_interface_id": "eni-01813b1844ed50e2f",
            "private_ip": "10.0.1.56",
            "public_ip": "13.50.176.149",
            "secondary_allocation_ids": [],
            "secondary_private_ip_address_count": 0,
            "secondary_private_ip_addresses": [],
            "subnet_id": "subnet-05b6e15353e40631b",
            "tags": {
              "Name": "nat_gateway"
            },
            "tags_all": {
              "Name": "nat_gateway"
            },
            "timeouts": null
          },
          "sensitive_attributes": [],
          "private": "eyJlMmJmYjczMC1lY2FhLTExZTYtOGY4OC0zNDM2M2JjN2M0YzAiOnsiY3JlYXRlIjo2MDAwMDAwMDAwMDAsImRlbGV0ZSI6MTgwMDAwMDAwMDAwMCwidXBkYXRlIjo2MDAwMDAwMDAwMDB9fQ==",
          "dependencies": [
            "aws_eip.nat_eip",
            "aws_subnet.public_subnet_az1",
            "aws_vpc.vpc1"
          ]
        }
      ]
    },
    {
      "mode": "managed",
      "type": "aws_route_table",
      "name": "private_route_table_az1",
      "provider": "provider[\"registry.terraform.io/hashicorp/aws\"]",
      "instances": [
        {
          "schema_version": 0,
          "attributes": {
            "arn": "arn:aws:ec2:eu-north-1:698722785464:route-table/rtb-050f5c099a24b7c1f",
            "id": "rtb-050f5c099a24b7c1f",
            "owner_id": "698722785464",
            "propagating_vgws": [],
            "route": [
              {
                "carrier_gateway_id": "",
                "cidr_block": "0.0.0.0/0",
                "core_network_arn": "",
                "destination_prefix_list_id": "",
                "egress_only_gateway_id": "",
                "gateway_id": "",
                "ipv6_cidr_block": "",
                "local_gateway_id": "",
                "nat_gateway_id": "nat-005e10eae6225cfd9",
                "network_interface_id": "",
                "transit_gateway_id": "",
                "vpc_endpoint_id": "",
                "vpc_peering_connection_id": ""
              }
            ],
            "tags": {
              "Name": "private_route_table_az1"
            },
            "tags_all": {
              "Name": "private_route_table_az1"
            },
            "timeouts": null,
            "vpc_id": "vpc-0c8724a596d8c035c"
          },
          "sensitive_attributes": [],
          "private": "eyJlMmJmYjczMC1lY2FhLTExZTYtOGY4OC0zNDM2M2JjN2M0YzAiOnsiY3JlYXRlIjozMDAwMDAwMDAwMDAsImRlbGV0ZSI6MzAwMDAwMDAwMDAwLCJ1cGRhdGUiOjEyMDAwMDAwMDAwMH19",
          "dependencies": [
            "aws_eip.nat_eip",
            "aws_nat_gateway.nat_gateway",
            "aws_subnet.public_subnet_az1",
            "aws_vpc.vpc1"
          ]
        }
      ]
    },
    {
      "mode": "managed",
      "type": "aws_route_table",
      "name": "public_route_table_az1",
      "provider": "provider[\"registry.terraform.io/hashicorp/aws\"]",
      "instances": [
        {
          "schema_version": 0,
          "attributes": {
            "arn": "arn:aws:ec2:eu-north-1:698722785464:route-table/rtb-04db858483429bbc2",
            "id": "rtb-04db858483429bbc2",
            "owner_id": "698722785464",
            "propagating_vgws": [],
            "route": [
              {
                "carrier_gateway_id": "",
                "cidr_block": "0.0.0.0/0",
                "core_network_arn": "",
                "destination_prefix_list_id": "",
                "egress_only_gateway_id": "",
                "gateway_id": "igw-05833fa3d550701e5",
                "ipv6_cidr_block": "",
                "local_gateway_id": "",
                "nat_gateway_id": "",
                "network_interface_id": "",
                "transit_gateway_id": "",
                "vpc_endpoint_id": "",
                "vpc_peering_connection_id": ""
              }
            ],
            "tags": {
              "Name": "public_route_table_az1"
            },
            "tags_all": {
              "Name": "public_route_table_az1"
            },
            "timeouts": null,
            "vpc_id": "vpc-0c8724a596d8c035c"
          },
          "sensitive_attributes": [],
          "private": "eyJlMmJmYjczMC1lY2FhLTExZTYtOGY4OC0zNDM2M2JjN2M0YzAiOnsiY3JlYXRlIjozMDAwMDAwMDAwMDAsImRlbGV0ZSI6MzAwMDAwMDAwMDAwLCJ1cGRhdGUiOjEyMDAwMDAwMDAwMH19",
          "dependencies": [
            "aws_internet_gateway.igw",
            "aws_vpc.vpc1"
          ]
        }
      ]
    },
    {
      "mode": "managed",
      "type": "aws_route_table_association",
      "name": "private_subnet_az1_association",
      "provider": "provider[\"registry.terraform.io/hashicorp/aws\"]",
      "instances": [
        {
          "schema_version": 0,
          "attributes": {
            "gateway_id": "",
            "id": "rtbassoc-0341a6065cdf7f1bf",
            "route_table_id": "rtb-050f5c099a24b7c1f",
            "subnet_id": "subnet-0ace5a1c474ae6a40",
            "timeouts": null
          },
          "sensitive_attributes": [],
          "private": "eyJlMmJmYjczMC1lY2FhLTExZTYtOGY4OC0zNDM2M2JjN2M0YzAiOnsiY3JlYXRlIjozMDAwMDAwMDAwMDAsImRlbGV0ZSI6MzAwMDAwMDAwMDAwLCJ1cGRhdGUiOjEyMDAwMDAwMDAwMH19",
          "dependencies": [
            "aws_eip.nat_eip",
            "aws_nat_gateway.nat_gateway",
            "aws_route_table.private_route_table_az1",
            "aws_subnet.private_subnet_az1",
            "aws_subnet.public_subnet_az1",
            "aws_vpc.vpc1"
          ]
        }
      ]
    },
    {
      "mode": "managed",
      "type": "aws_route_table_association",
      "name": "public_subnet_az1_association",
      "provider": "provider[\"registry.terraform.io/hashicorp/aws\"]",
      "instances": [
        {
          "schema_version": 0,
          "attributes": {
            "gateway_id": "",
            "id": "rtbassoc-0142ab1181d3f45b2",
            "route_table_id": "rtb-04db858483429bbc2",
            "subnet_id": "subnet-05b6e15353e40631b",
            "timeouts": null
          },
          "sensitive_attributes": [],
          "private": "eyJlMmJmYjczMC1lY2FhLTExZTYtOGY4OC0zNDM2M2JjN2M0YzAiOnsiY3JlYXRlIjozMDAwMDAwMDAwMDAsImRlbGV0ZSI6MzAwMDAwMDAwMDAwLCJ1cGRhdGUiOjEyMDAwMDAwMDAwMH19",
          "dependencies": [
            "aws_internet_gateway.igw",
            "aws_route_table.public_route_table_az1",
            "aws_subnet.public_subnet_az1",
            "aws_vpc.vpc1"
          ]
        }
      ]
    },
    {
      "mode": "managed",
      "type": "aws_security_group",
      "name": "private_ssh_sg",
      "provider": "provider[\"registry.terraform.io/hashicorp/aws\"]",
      "instances": [
        {
          "schema_version": 1,
          "attributes": {
            "arn": "arn:aws:ec2:eu-north-1:698722785464:security-group/sg-0a3312ddf1ff5883f",
            "description": "Allow SSH and port 3000 from VPC CIDR only",
            "egress": [
              {
                "cidr_blocks": [
                  "0.0.0.0/0"
                ],
                "description": "",
                "from_port": 0,
                "ipv6_cidr_blocks": [],
                "prefix_list_ids": [],
                "protocol": "-1",
                "security_groups": [],
                "self": false,
                "to_port": 0
              }
            ],
            "id": "sg-0a3312ddf1ff5883f",
            "ingress": [
              {
                "cidr_blocks": [
                  "10.0.0.0/16"
                ],
                "description": "",
                "from_port": 22,
                "ipv6_cidr_blocks": [],
                "prefix_list_ids": [],
                "protocol": "tcp",
                "security_groups": [],
                "self": false,
                "to_port": 22
              },
              {
                "cidr_blocks": [
                  "10.0.0.0/16"
                ],
                "description": "",
                "from_port": 3000,
                "ipv6_cidr_blocks": [],
                "prefix_list_ids": [],
                "protocol": "tcp",
                "security_groups": [],
                "self": false,
                "to_port": 3000
              }
            ],
            "name": "private_ssh_sg_20230929140229141400000002",
            "name_prefix": "private_ssh_sg_",
            "owner_id": "698722785464",
            "revoke_rules_on_delete": false,
            "tags": {},
            "tags_all": {},
            "timeouts": null,
            "vpc_id": "vpc-0c8724a596d8c035c"
          },
          "sensitive_attributes": [],
          "private": "eyJlMmJmYjczMC1lY2FhLTExZTYtOGY4OC0zNDM2M2JjN2M0YzAiOnsiY3JlYXRlIjo2MDAwMDAwMDAwMDAsImRlbGV0ZSI6OTAwMDAwMDAwMDAwfSwic2NoZW1hX3ZlcnNpb24iOiIxIn0=",
          "dependencies": [
            "aws_vpc.vpc1"
          ]
        }
      ]
    },
    {
      "mode": "managed",
      "type": "aws_security_group",
      "name": "public_ssh_sg",
      "provider": "provider[\"registry.terraform.io/hashicorp/aws\"]",
      "instances": [
        {
          "schema_version": 1,
          "attributes": {
            "arn": "arn:aws:ec2:eu-north-1:698722785464:security-group/sg-0ec5dcc04f1273145",
            "description": "Allow SSH from any IP",
            "egress": [
              {
                "cidr_blocks": [
                  "0.0.0.0/0"
                ],
                "description": "",
                "from_port": 0,
                "ipv6_cidr_blocks": [],
                "prefix_list_ids": [],
                "protocol": "-1",
                "security_groups": [],
                "self": false,
                "to_port": 0
              }
            ],
            "id": "sg-0ec5dcc04f1273145",
            "ingress": [
              {
                "cidr_blocks": [
                  "0.0.0.0/0"
                ],
                "description": "",
                "from_port": 22,
                "ipv6_cidr_blocks": [],
                "prefix_list_ids": [],
                "protocol": "tcp",
                "security_groups": [],
                "self": false,
                "to_port": 22
              }
            ],
            "name": "public_ssh_sg_20230929140229137900000001",
            "name_prefix": "public_ssh_sg_",
            "owner_id": "698722785464",
            "revoke_rules_on_delete": false,
            "tags": {},
            "tags_all": {},
            "timeouts": null,
            "vpc_id": "vpc-0c8724a596d8c035c"
          },
          "sensitive_attributes": [],
          "private": "eyJlMmJmYjczMC1lY2FhLTExZTYtOGY4OC0zNDM2M2JjN2M0YzAiOnsiY3JlYXRlIjo2MDAwMDAwMDAwMDAsImRlbGV0ZSI6OTAwMDAwMDAwMDAwfSwic2NoZW1hX3ZlcnNpb24iOiIxIn0=",
          "dependencies": [
            "aws_vpc.vpc1"
          ]
        }
      ]
    },
    {
      "mode": "managed",
      "type": "aws_subnet",
      "name": "private_subnet_az1",
      "provider": "provider[\"registry.terraform.io/hashicorp/aws\"]",
      "instances": [
        {
          "schema_version": 1,
          "attributes": {
            "arn": "arn:aws:ec2:eu-north-1:698722785464:subnet/subnet-0ace5a1c474ae6a40",
            "assign_ipv6_address_on_creation": false,
            "availability_zone": "eu-north-1a",
            "availability_zone_id": "eun1-az1",
            "cidr_block": "10.0.2.0/24",
            "customer_owned_ipv4_pool": "",
            "enable_dns64": false,
            "enable_lni_at_device_index": 0,
            "enable_resource_name_dns_a_record_on_launch": false,
            "enable_resource_name_dns_aaaa_record_on_launch": false,
            "id": "subnet-0ace5a1c474ae6a40",
            "ipv6_cidr_block": "",
            "ipv6_cidr_block_association_id": "",
            "ipv6_native": false,
            "map_customer_owned_ip_on_launch": false,
            "map_public_ip_on_launch": false,
            "outpost_arn": "",
            "owner_id": "698722785464",
            "private_dns_hostname_type_on_launch": "ip-name",
            "tags": {
              "Name": "private_subnet_az1"
            },
            "tags_all": {
              "Name": "private_subnet_az1"
            },
            "timeouts": null,
            "vpc_id": "vpc-0c8724a596d8c035c"
          },
          "sensitive_attributes": [],
          "private": "eyJlMmJmYjczMC1lY2FhLTExZTYtOGY4OC0zNDM2M2JjN2M0YzAiOnsiY3JlYXRlIjo2MDAwMDAwMDAwMDAsImRlbGV0ZSI6MTIwMDAwMDAwMDAwMH0sInNjaGVtYV92ZXJzaW9uIjoiMSJ9",
          "dependencies": [
            "aws_vpc.vpc1"
          ]
        }
      ]
    },
    {
      "mode": "managed",
      "type": "aws_subnet",
      "name": "private_subnet_az2",
      "provider": "provider[\"registry.terraform.io/hashicorp/aws\"]",
      "instances": [
        {
          "schema_version": 1,
          "attributes": {
            "arn": "arn:aws:ec2:eu-north-1:698722785464:subnet/subnet-02133e94f49993ce0",
            "assign_ipv6_address_on_creation": false,
            "availability_zone": "eu-north-1b",
            "availability_zone_id": "eun1-az2",
            "cidr_block": "10.0.4.0/24",
            "customer_owned_ipv4_pool": "",
            "enable_dns64": false,
            "enable_lni_at_device_index": 0,
            "enable_resource_name_dns_a_record_on_launch": false,
            "enable_resource_name_dns_aaaa_record_on_launch": false,
            "id": "subnet-02133e94f49993ce0",
            "ipv6_cidr_block": "",
            "ipv6_cidr_block_association_id": "",
            "ipv6_native": false,
            "map_customer_owned_ip_on_launch": false,
            "map_public_ip_on_launch": false,
            "outpost_arn": "",
            "owner_id": "698722785464",
            "private_dns_hostname_type_on_launch": "ip-name",
            "tags": {
              "Name": "private_subnet_az2"
            },
            "tags_all": {
              "Name": "private_subnet_az2"
            },
            "timeouts": null,
            "vpc_id": "vpc-0c8724a596d8c035c"
          },
          "sensitive_attributes": [],
          "private": "eyJlMmJmYjczMC1lY2FhLTExZTYtOGY4OC0zNDM2M2JjN2M0YzAiOnsiY3JlYXRlIjo2MDAwMDAwMDAwMDAsImRlbGV0ZSI6MTIwMDAwMDAwMDAwMH0sInNjaGVtYV92ZXJzaW9uIjoiMSJ9",
          "dependencies": [
            "aws_vpc.vpc1"
          ]
        }
      ]
    },
    {
      "mode": "managed",
      "type": "aws_subnet",
      "name": "public_subnet_az1",
      "provider": "provider[\"registry.terraform.io/hashicorp/aws\"]",
      "instances": [
        {
          "schema_version": 1,
          "attributes": {
            "arn": "arn:aws:ec2:eu-north-1:698722785464:subnet/subnet-05b6e15353e40631b",
            "assign_ipv6_address_on_creation": false,
            "availability_zone": "eu-north-1a",
            "availability_zone_id": "eun1-az1",
            "cidr_block": "10.0.1.0/24",
            "customer_owned_ipv4_pool": "",
            "enable_dns64": false,
            "enable_lni_at_device_index": 0,
            "enable_resource_name_dns_a_record_on_launch": false,
            "enable_resource_name_dns_aaaa_record_on_launch": false,
            "id": "subnet-05b6e15353e40631b",
            "ipv6_cidr_block": "",
            "ipv6_cidr_block_association_id": "",
            "ipv6_native": false,
            "map_customer_owned_ip_on_launch": false,
            "map_public_ip_on_launch": true,
            "outpost_arn": "",
            "owner_id": "698722785464",
            "private_dns_hostname_type_on_launch": "ip-name",
            "tags": {
              "Name": "public_subnet_az1"
            },
            "tags_all": {
              "Name": "public_subnet_az1"
            },
            "timeouts": null,
            "vpc_id": "vpc-0c8724a596d8c035c"
          },
          "sensitive_attributes": [],
          "private": "eyJlMmJmYjczMC1lY2FhLTExZTYtOGY4OC0zNDM2M2JjN2M0YzAiOnsiY3JlYXRlIjo2MDAwMDAwMDAwMDAsImRlbGV0ZSI6MTIwMDAwMDAwMDAwMH0sInNjaGVtYV92ZXJzaW9uIjoiMSJ9",
          "dependencies": [
            "aws_vpc.vpc1"
          ]
        }
      ]
    },
    {
      "mode": "managed",
      "type": "aws_subnet",
      "name": "public_subnet_az2",
      "provider": "provider[\"registry.terraform.io/hashicorp/aws\"]",
      "instances": [
        {
          "schema_version": 1,
          "attributes": {
            "arn": "arn:aws:ec2:eu-north-1:698722785464:subnet/subnet-047ce9e376ff16fb1",
            "assign_ipv6_address_on_creation": false,
            "availability_zone": "eu-north-1b",
            "availability_zone_id": "eun1-az2",
            "cidr_block": "10.0.3.0/24",
            "customer_owned_ipv4_pool": "",
            "enable_dns64": false,
            "enable_lni_at_device_index": 0,
            "enable_resource_name_dns_a_record_on_launch": false,
            "enable_resource_name_dns_aaaa_record_on_launch": false,
            "id": "subnet-047ce9e376ff16fb1",
            "ipv6_cidr_block": "",
            "ipv6_cidr_block_association_id": "",
            "ipv6_native": false,
            "map_customer_owned_ip_on_launch": false,
            "map_public_ip_on_launch": true,
            "outpost_arn": "",
            "owner_id": "698722785464",
            "private_dns_hostname_type_on_launch": "ip-name",
            "tags": {
              "Name": "public_subnet_az2"
            },
            "tags_all": {
              "Name": "public_subnet_az2"
            },
            "timeouts": null,
            "vpc_id": "vpc-0c8724a596d8c035c"
          },
          "sensitive_attributes": [],
          "private": "eyJlMmJmYjczMC1lY2FhLTExZTYtOGY4OC0zNDM2M2JjN2M0YzAiOnsiY3JlYXRlIjo2MDAwMDAwMDAwMDAsImRlbGV0ZSI6MTIwMDAwMDAwMDAwMH0sInNjaGVtYV92ZXJzaW9uIjoiMSJ9",
          "dependencies": [
            "aws_vpc.vpc1"
          ]
        }
      ]
    },
    {
      "mode": "managed",
      "type": "aws_vpc",
      "name": "vpc1",
      "provider": "provider[\"registry.terraform.io/hashicorp/aws\"]",
      "instances": [
        {
          "schema_version": 1,
          "attributes": {
            "arn": "arn:aws:ec2:eu-north-1:698722785464:vpc/vpc-0c8724a596d8c035c",
            "assign_generated_ipv6_cidr_block": false,
            "cidr_block": "10.0.0.0/16",
            "default_network_acl_id": "acl-0c33f67f28aba0421",
            "default_route_table_id": "rtb-068efa823380f2ac7",
            "default_security_group_id": "sg-004174026150e8219",
            "dhcp_options_id": "dopt-0f2dce315fc866dca",
            "enable_dns_hostnames": false,
            "enable_dns_support": true,
            "enable_network_address_usage_metrics": false,
            "id": "vpc-0c8724a596d8c035c",
            "instance_tenancy": "default",
            "ipv4_ipam_pool_id": null,
            "ipv4_netmask_length": null,
            "ipv6_association_id": "",
            "ipv6_cidr_block": "",
            "ipv6_cidr_block_network_border_group": "",
            "ipv6_ipam_pool_id": "",
            "ipv6_netmask_length": 0,
            "main_route_table_id": "rtb-068efa823380f2ac7",
            "owner_id": "698722785464",
            "tags": {
              "Name": "vpc1"
            },
            "tags_all": {
              "Name": "vpc1"
            }
          },
          "sensitive_attributes": [],
          "private": "eyJzY2hlbWFfdmVyc2lvbiI6IjEifQ=="
        }
      ]
    },
    {
      "mode": "managed",
      "type": "local_file",
      "name": "tf-key",
      "provider": "provider[\"registry.terraform.io/hashicorp/local\"]",
      "instances": [
        {
          "schema_version": 0,
          "attributes": {
            "content": "-----BEGIN RSA PRIVATE KEY-----\nMIIJKAIBAAKCAgEAuYZ4Hc4ZhenFL+cnBv4JndxAVkZ3JTWs1s137HWxYU1Rpqxj\nAdZEQp8xv2kS73S/RvsO5pzdopRu7EJ7zRRTphGkolB+39rPYEgFzwgQNAouCcyW\nbCKjq9RvGtyi09D3thVEZV43IXPC/XZKD/Dfmid5tkV48B4NA62Yu/eZNfM4LnD0\nqHkZkR27E7gk0Tz2/uYsw/4BeL8iZRPuClFuTQ+JK326HlyamxMoKdI6mHljv58J\nlI/RhgafLNvAIBdMTx1stvCopJavWjfZ8MA2xPqhXbVEN8zVfJZhpa7d/kBQC6R1\nYWAB6GEuMsV9ZmdPIOv4RXRIW8lhSrqCfaiFqt3HA5Yhm6wciS0fhxzMW41z2MrJ\nYRxcljdyvr83OyGUqX5ODsnFLCYCuB2Q6phPVBx7eV94GrCgCHxXaBOvo14/vbH0\nRfaz3hvK6RWQsD7etBMxVuOtbkBvkWYNoEhY7aYhnh0omoKUsSzEs5djnGPB7hYR\njjNhnRohfbDeQ/zLZ2xoZ4byTpY9r6VhsyqdPkrIGV1BCWVido/FTdqIMOn9TWK6\nDkuXpT7k6VENaZzp4Ych9A8sMEwqyJWZc+3/gk271TdrVyU7RT6xfao59ii29Lfn\n0qeXCNjpBAu3WO1uAkv8A9E8XZIXcUABzm4cOdXAyGcwWvMm9SYyO+c3zOMCAwEA\nAQKCAgA+xigYdacfL5U/+yeybvyUBHVke91OotXDrKw6PyxwrvfEvKmXcoeQP0tW\n59e3XDpoawSEtWks3KqXmHtJTepr06ZwIWp8lg37FwOYJLNO2G7xc98l4aaduniJ\nj0QtBZT7cEC/R9zBnejJWGAA+tC92UOOj/02ygQ/TVrTpxiZL52/4Qp3gtpKxtOI\n/ZK/lbBBWWKmQmj/ETUzHEY8CYeX3XzdUWJLaawKcrXxSKf49YHx0X8tXGhZwB3V\n0Nk2QovYbS1ezRlS74WPsjw1AOTHS8KT8YSOmOlXiY6qv/tvTxWGivQIqbKbjV5T\nYY1nu+cDTbSo04q0O/SGk4sZt47aSHl2IiGBMuoysnvITI6MSWmDQxLqHzCuUrhR\nGVbMWbb8HA3dTfX8b1kwu5ooNIrZsNhkhCBog/S/+kiAXRYV7w4Y59+g2ShylxG3\nIYa/ccYe4Mrf9zL8O/Phn01QqPH3eD5nRf0bOBb8rwDFjI4D18eBAtjTWPzgBTfb\nPj9yV35z3HJsvmSGI+kGS0JA7ZLXtN0VpNaVTpqUJYR9fAnzPfhwKwjZkLL7UHb9\n7QWsiFP9w1qPU0WQQMUaZ+H0kFWjISSfj0baLpb/1hVskk9/JSZklusaXCjRQYII\nCO+TnNkpu2OWWIZ5GTMt4d/FQ+sbyiBJ2nV2tJDTmxJ4tovZoQKCAQEAxCMHPNIC\ni9UTu41+EvAK/HA96JCkIMsUS81Eil+4TXCCZaShK3cvkYkc+0DXbC1HwEzaSJC+\nf3SNIW20ZlDyyugIVIKgBXnEegnCnA010fuiy/ob1QJZfxHxz+E78nb+RAkpugHz\nhXj2aXroE/4uPZJ9h3IquB+T8StD8rHdsnsyQ5z8Jr8K7JCSjyiYVBk63HbXWjL0\nKxHym9QfAohCmccSrH+kRXyiavl5ZaU2T9BJsOcfR2OOxcGtvqxVSGhYpp2ynr0k\n/P7PdL4AjBP/+2KaWoGxM1RRqP31eXs532IlC/bO8K71nfzNCJQzD7ikLYjCiFrZ\nukMxHz3+Q6IBsQKCAQEA8iZRBWvGSJCh6raWemvrQIoaQl++s50Uq4JWgM5ZKJXq\nIRP925dY+oKKX69O1oeXXw5E/W0D6xpfpdq+hbWP5yTd5fC42s3Wogoh7F8dAD8U\n2LD1gx5ZJVcMQ8TuJq5oNLE9lLUQMRdJmnwQplLN6daJo6uQ2ohLs5zyRPuGVq4M\njvLpPINUvmKdSRrkAOAOAlUPy0rUHU3urlUxeER3sbWHgCdEMpeB0vU75lUByWHi\nSJYSQcmhGBNK1JEmm/XDyVDC56nTqPqMJlDgXoIdylod4SMciHwNbsBzikMWftbJ\nj252C3Q1bUioMuI0f7yhha08HA0OH3ZnA5f9q6jo0wKCAQAfnNG20NaOOSq0CQsv\n/DaZF3IzANUjX/gGe7A3aVQoTyEFRvKfMded6m6cZIgULHwrF3f7SDEcE+oHYEo6\nT4PChoGJNYCbQVQUo2wVgN+S168Wl1pTC8zm+TpzWgcyflFfH+b0zwm0EpoMyD2N\ns2M6k1jeMt2FzbknnuSVwmtMMCUa1ruhdxtIo8irgEyFCYf+Lr1pEVtfccYbraXN\n3650YKy21t/gP0ViXpFde7J0TMsD00ysUfSaFSxu1hHs2LypJjO6+Bt1F5DSbSlj\nannQx8S/H7Yy4r1CsqQVD3J1ebkk44PZMSnva+aUImbUetsjZ66LEbGUHu5U7cYE\nmqERAoIBAQCHJ3HDZ9MlP2zQV5cHv2JwBGUBtPT4xWz7CWWEwSesanhifAkN3pyw\nPdpD69JCFS4cxRcmqAku2OqX5M7ATIWESuR7ae+TWJ46lRM4HiJOt+bHx4VQ6Mhy\n+fIDhVAzUNciyeaIMMNX0xqm2iZk3wTFRpROQP05rCcsmiXy8LybdsvVoakiuF69\nYMdPPW4TOvs2vAlzu1FHBe95aF2TNgvkqWB22/PJlRzGBVCoj7vOjg7B2tlX1NVQ\nXbw/hsCY/gSIQcZ3jSdxQl6lKDEDLva3sbLJrVJIr4zDyzDx894Db5jSsKG8ZOFJ\nHOuccvtAbKVuujE5quO+FdULgXL5s+43AoIBAFRORIKhl2/lMdgbC1bp7MHkougA\nYFhRsepB256fw/Xjk4QAYHU+VXJuqS64MwBMndA1i929O2y5cHRuhnRFw+vGy2SH\nMgdOS9vjdABaNMq8beXK3gfkk8L1DE+apbgBhv4ETvbjr6NVLZGQ7HaU+WhaE/07\nHW4ndZ/DqEjhubSnu/mBVyq2G8l2wDo+4XRcx/yrVrp5NRq1TxpwxKed8KtgFliL\nj5Dzv9ztktwcRlDqfSx6zXNoDNL1iLr9yOu4KZhq+2MC1K9EXOOU0T6OVKcNHNxX\nQzOvqI+H0je/6mpsasx8sVfyrAZNHhk98cDcAOkDwG/UjU3jRGYlPh13WAg=\n-----END RSA PRIVATE KEY-----\n",
            "content_base64": null,
            "content_base64sha256": "NIUgXQ79MyCz73RGjh0iq75jCIn56A9yrK9KA+/VPQM=",
            "content_base64sha512": "UdcU1yCzi9eUPZMBjUEdS0KzLvpM1QYl4ueKXM4Du/BPDus7qK1x/t1TOr5NmR8PJ5lt2akjGTaevnTGMelxkQ==",
            "content_md5": "e05fad7d99c6e18755657ad672cf5fa2",
            "content_sha1": "0e09d62f978d55e4584f0e73ec3cf2e7285990c5",
            "content_sha256": "3485205d0efd3320b3ef74468e1d22abbe630889f9e80f72acaf4a03efd53d03",
            "content_sha512": "51d714d720b38bd7943d93018d411d4b42b32efa4cd50625e2e78a5cce03bbf04f0eeb3ba8ad71fedd533abe4d991f0f27996dd9a92319369ebe74c631e97191",
            "directory_permission": "0777",
            "file_permission": "0777",
            "filename": "tf_key_pair",
            "id": "0e09d62f978d55e4584f0e73ec3cf2e7285990c5",
            "sensitive_content": null,
            "source": null
          },
          "sensitive_attributes": [
            [
              {
                "type": "get_attr",
                "value": "content"
              }
            ]
          ],
          "dependencies": [
            "tls_private_key.rsa-key"
          ]
        }
      ]
    },
    {
      "mode": "managed",
      "type": "tls_private_key",
      "name": "rsa-key",
      "provider": "provider[\"registry.terraform.io/hashicorp/tls\"]",
      "instances": [
        {
          "schema_version": 1,
          "attributes": {
            "algorithm": "RSA",
            "ecdsa_curve": "P224",
            "id": "28300926a6577f9fb711d0aeef90e9c3bb223332",
            "private_key_openssh": "-----BEGIN OPENSSH PRIVATE KEY-----\nb3BlbnNzaC1rZXktdjEAAAAABG5vbmUAAAAEbm9uZQAAAAAAAAABAAACFwAAAAdz\nc2gtcnNhAAAAAwEAAQAAAgEAuYZ4Hc4ZhenFL+cnBv4JndxAVkZ3JTWs1s137HWx\nYU1RpqxjAdZEQp8xv2kS73S/RvsO5pzdopRu7EJ7zRRTphGkolB+39rPYEgFzwgQ\nNAouCcyWbCKjq9RvGtyi09D3thVEZV43IXPC/XZKD/Dfmid5tkV48B4NA62Yu/eZ\nNfM4LnD0qHkZkR27E7gk0Tz2/uYsw/4BeL8iZRPuClFuTQ+JK326HlyamxMoKdI6\nmHljv58JlI/RhgafLNvAIBdMTx1stvCopJavWjfZ8MA2xPqhXbVEN8zVfJZhpa7d\n/kBQC6R1YWAB6GEuMsV9ZmdPIOv4RXRIW8lhSrqCfaiFqt3HA5Yhm6wciS0fhxzM\nW41z2MrJYRxcljdyvr83OyGUqX5ODsnFLCYCuB2Q6phPVBx7eV94GrCgCHxXaBOv\no14/vbH0Rfaz3hvK6RWQsD7etBMxVuOtbkBvkWYNoEhY7aYhnh0omoKUsSzEs5dj\nnGPB7hYRjjNhnRohfbDeQ/zLZ2xoZ4byTpY9r6VhsyqdPkrIGV1BCWVido/FTdqI\nMOn9TWK6DkuXpT7k6VENaZzp4Ych9A8sMEwqyJWZc+3/gk271TdrVyU7RT6xfao5\n9ii29Lfn0qeXCNjpBAu3WO1uAkv8A9E8XZIXcUABzm4cOdXAyGcwWvMm9SYyO+c3\nzOMAAAc4RGNZu0RjWbsAAAAHc3NoLXJzYQAAAgEAuYZ4Hc4ZhenFL+cnBv4JndxA\nVkZ3JTWs1s137HWxYU1RpqxjAdZEQp8xv2kS73S/RvsO5pzdopRu7EJ7zRRTphGk\nolB+39rPYEgFzwgQNAouCcyWbCKjq9RvGtyi09D3thVEZV43IXPC/XZKD/Dfmid5\ntkV48B4NA62Yu/eZNfM4LnD0qHkZkR27E7gk0Tz2/uYsw/4BeL8iZRPuClFuTQ+J\nK326HlyamxMoKdI6mHljv58JlI/RhgafLNvAIBdMTx1stvCopJavWjfZ8MA2xPqh\nXbVEN8zVfJZhpa7d/kBQC6R1YWAB6GEuMsV9ZmdPIOv4RXRIW8lhSrqCfaiFqt3H\nA5Yhm6wciS0fhxzMW41z2MrJYRxcljdyvr83OyGUqX5ODsnFLCYCuB2Q6phPVBx7\neV94GrCgCHxXaBOvo14/vbH0Rfaz3hvK6RWQsD7etBMxVuOtbkBvkWYNoEhY7aYh\nnh0omoKUsSzEs5djnGPB7hYRjjNhnRohfbDeQ/zLZ2xoZ4byTpY9r6VhsyqdPkrI\nGV1BCWVido/FTdqIMOn9TWK6DkuXpT7k6VENaZzp4Ych9A8sMEwqyJWZc+3/gk27\n1TdrVyU7RT6xfao59ii29Lfn0qeXCNjpBAu3WO1uAkv8A9E8XZIXcUABzm4cOdXA\nyGcwWvMm9SYyO+c3zOMAAAADAQABAAACAD7GKBh1px8vlT/7J7Ju/JQEdWR73U6i\n1cOsrDo/LHCu98S8qZdyh5A/S1bn17dcOmhrBIS1aSzcqpeYe0lN6mvTpnAhanyW\nDfsXA5gks07YbvFz3yXhpp26eImPRC0FlPtwQL9H3MGd6MlYYAD60L3ZQ46P/TbK\nBD9NWtOnGJkvnb/hCneC2krG04j9kr+VsEFZYqZCaP8RNTMcRjwJh5fdfN1RYktp\nrApytfFIp/j1gfHRfy1caFnAHdXQ2TZCi9htLV7NGVLvhY+yPDUA5MdLwpPxhI6Y\n6VeJjqq/+29PFYaK9AipspuNXlNhjWe75wNNtKjTirQ79IaTixm3jtpIeXYiIYEy\n6jKye8hMjoxJaYNDEuofMK5SuFEZVsxZtvwcDd1N9fxvWTC7mig0itmw2GSEIGiD\n9L/6SIBdFhXvDhjn36DZKHKXEbchhr9xxh7gyt/3Mvw78+GfTVCo8fd4PmdF/Rs4\nFvyvAMWMjgPXx4EC2NNY/OAFN9s+P3JXfnPccmy+ZIYj6QZLQkDtkte03RWk1pVO\nmpQlhH18CfM9+HArCNmQsvtQdv3tBayIU/3DWo9TRZBAxRpn4fSQVaMhJJ+PRtou\nlv/WFWyST38lJmSW6xpcKNFBgggI75Oc2Sm7Y5ZYhnkZMy3h38VD6xvKIEnadXa0\nkNObEni2i9mhAAABAFRORIKhl2/lMdgbC1bp7MHkougAYFhRsepB256fw/Xjk4QA\nYHU+VXJuqS64MwBMndA1i929O2y5cHRuhnRFw+vGy2SHMgdOS9vjdABaNMq8beXK\n3gfkk8L1DE+apbgBhv4ETvbjr6NVLZGQ7HaU+WhaE/07HW4ndZ/DqEjhubSnu/mB\nVyq2G8l2wDo+4XRcx/yrVrp5NRq1TxpwxKed8KtgFliLj5Dzv9ztktwcRlDqfSx6\nzXNoDNL1iLr9yOu4KZhq+2MC1K9EXOOU0T6OVKcNHNxXQzOvqI+H0je/6mpsasx8\nsVfyrAZNHhk98cDcAOkDwG/UjU3jRGYlPh13WAgAAAEBAMQjBzzSAovVE7uNfhLw\nCvxwPeiQpCDLFEvNRIpfuE1wgmWkoSt3L5GJHPtA12wtR8BM2kiQvn90jSFttGZQ\n8sroCFSCoAV5xHoJwpwNNdH7osv6G9UCWX8R8c/hO/J2/kQJKboB84V49ml66BP+\nLj2SfYdyKrgfk/ErQ/Kx3bJ7MkOc/Ca/CuyQko8omFQZOtx211oy9CsR8pvUHwKI\nQpnHEqx/pEV8omr5eWWlNk/QSbDnH0djjsXBrb6sVUhoWKadsp69JPz+z3S+AIwT\n//timlqBsTNUUaj99Xl7Od9iJQv2zvCu9Z38zQiUMw+4pC2Iwoha2bpDMR89/kOi\nAbEAAAEBAPImUQVrxkiQoeq2lnpr60CKGkJfvrOdFKuCVoDOWSiV6iET/duXWPqC\nil+vTtaHl18ORP1tA+saX6XavoW1j+ck3eXwuNrN1qIKIexfHQA/FNiw9YMeWSVX\nDEPE7iauaDSxPZS1EDEXSZp8EKZSzenWiaOrkNqIS7Oc8kT7hlauDI7y6TyDVL5i\nnUka5ADgDgJVD8tK1B1N7q5VMXhEd7G1h4AnRDKXgdL1O+ZVAclh4kiWEkHJoRgT\nStSRJpv1w8lQwuep06j6jCZQ4F6CHcpaHeEjHIh8DW7Ac4pDFn7WyY9udgt0NW1I\nqDLiNH+8oYWtPBwNDh92ZwOX/auo6NMAAAAAAQID\n-----END OPENSSH PRIVATE KEY-----\n",
            "private_key_pem": "-----BEGIN RSA PRIVATE KEY-----\nMIIJKAIBAAKCAgEAuYZ4Hc4ZhenFL+cnBv4JndxAVkZ3JTWs1s137HWxYU1Rpqxj\nAdZEQp8xv2kS73S/RvsO5pzdopRu7EJ7zRRTphGkolB+39rPYEgFzwgQNAouCcyW\nbCKjq9RvGtyi09D3thVEZV43IXPC/XZKD/Dfmid5tkV48B4NA62Yu/eZNfM4LnD0\nqHkZkR27E7gk0Tz2/uYsw/4BeL8iZRPuClFuTQ+JK326HlyamxMoKdI6mHljv58J\nlI/RhgafLNvAIBdMTx1stvCopJavWjfZ8MA2xPqhXbVEN8zVfJZhpa7d/kBQC6R1\nYWAB6GEuMsV9ZmdPIOv4RXRIW8lhSrqCfaiFqt3HA5Yhm6wciS0fhxzMW41z2MrJ\nYRxcljdyvr83OyGUqX5ODsnFLCYCuB2Q6phPVBx7eV94GrCgCHxXaBOvo14/vbH0\nRfaz3hvK6RWQsD7etBMxVuOtbkBvkWYNoEhY7aYhnh0omoKUsSzEs5djnGPB7hYR\njjNhnRohfbDeQ/zLZ2xoZ4byTpY9r6VhsyqdPkrIGV1BCWVido/FTdqIMOn9TWK6\nDkuXpT7k6VENaZzp4Ych9A8sMEwqyJWZc+3/gk271TdrVyU7RT6xfao59ii29Lfn\n0qeXCNjpBAu3WO1uAkv8A9E8XZIXcUABzm4cOdXAyGcwWvMm9SYyO+c3zOMCAwEA\nAQKCAgA+xigYdacfL5U/+yeybvyUBHVke91OotXDrKw6PyxwrvfEvKmXcoeQP0tW\n59e3XDpoawSEtWks3KqXmHtJTepr06ZwIWp8lg37FwOYJLNO2G7xc98l4aaduniJ\nj0QtBZT7cEC/R9zBnejJWGAA+tC92UOOj/02ygQ/TVrTpxiZL52/4Qp3gtpKxtOI\n/ZK/lbBBWWKmQmj/ETUzHEY8CYeX3XzdUWJLaawKcrXxSKf49YHx0X8tXGhZwB3V\n0Nk2QovYbS1ezRlS74WPsjw1AOTHS8KT8YSOmOlXiY6qv/tvTxWGivQIqbKbjV5T\nYY1nu+cDTbSo04q0O/SGk4sZt47aSHl2IiGBMuoysnvITI6MSWmDQxLqHzCuUrhR\nGVbMWbb8HA3dTfX8b1kwu5ooNIrZsNhkhCBog/S/+kiAXRYV7w4Y59+g2ShylxG3\nIYa/ccYe4Mrf9zL8O/Phn01QqPH3eD5nRf0bOBb8rwDFjI4D18eBAtjTWPzgBTfb\nPj9yV35z3HJsvmSGI+kGS0JA7ZLXtN0VpNaVTpqUJYR9fAnzPfhwKwjZkLL7UHb9\n7QWsiFP9w1qPU0WQQMUaZ+H0kFWjISSfj0baLpb/1hVskk9/JSZklusaXCjRQYII\nCO+TnNkpu2OWWIZ5GTMt4d/FQ+sbyiBJ2nV2tJDTmxJ4tovZoQKCAQEAxCMHPNIC\ni9UTu41+EvAK/HA96JCkIMsUS81Eil+4TXCCZaShK3cvkYkc+0DXbC1HwEzaSJC+\nf3SNIW20ZlDyyugIVIKgBXnEegnCnA010fuiy/ob1QJZfxHxz+E78nb+RAkpugHz\nhXj2aXroE/4uPZJ9h3IquB+T8StD8rHdsnsyQ5z8Jr8K7JCSjyiYVBk63HbXWjL0\nKxHym9QfAohCmccSrH+kRXyiavl5ZaU2T9BJsOcfR2OOxcGtvqxVSGhYpp2ynr0k\n/P7PdL4AjBP/+2KaWoGxM1RRqP31eXs532IlC/bO8K71nfzNCJQzD7ikLYjCiFrZ\nukMxHz3+Q6IBsQKCAQEA8iZRBWvGSJCh6raWemvrQIoaQl++s50Uq4JWgM5ZKJXq\nIRP925dY+oKKX69O1oeXXw5E/W0D6xpfpdq+hbWP5yTd5fC42s3Wogoh7F8dAD8U\n2LD1gx5ZJVcMQ8TuJq5oNLE9lLUQMRdJmnwQplLN6daJo6uQ2ohLs5zyRPuGVq4M\njvLpPINUvmKdSRrkAOAOAlUPy0rUHU3urlUxeER3sbWHgCdEMpeB0vU75lUByWHi\nSJYSQcmhGBNK1JEmm/XDyVDC56nTqPqMJlDgXoIdylod4SMciHwNbsBzikMWftbJ\nj252C3Q1bUioMuI0f7yhha08HA0OH3ZnA5f9q6jo0wKCAQAfnNG20NaOOSq0CQsv\n/DaZF3IzANUjX/gGe7A3aVQoTyEFRvKfMded6m6cZIgULHwrF3f7SDEcE+oHYEo6\nT4PChoGJNYCbQVQUo2wVgN+S168Wl1pTC8zm+TpzWgcyflFfH+b0zwm0EpoMyD2N\ns2M6k1jeMt2FzbknnuSVwmtMMCUa1ruhdxtIo8irgEyFCYf+Lr1pEVtfccYbraXN\n3650YKy21t/gP0ViXpFde7J0TMsD00ysUfSaFSxu1hHs2LypJjO6+Bt1F5DSbSlj\nannQx8S/H7Yy4r1CsqQVD3J1ebkk44PZMSnva+aUImbUetsjZ66LEbGUHu5U7cYE\nmqERAoIBAQCHJ3HDZ9MlP2zQV5cHv2JwBGUBtPT4xWz7CWWEwSesanhifAkN3pyw\nPdpD69JCFS4cxRcmqAku2OqX5M7ATIWESuR7ae+TWJ46lRM4HiJOt+bHx4VQ6Mhy\n+fIDhVAzUNciyeaIMMNX0xqm2iZk3wTFRpROQP05rCcsmiXy8LybdsvVoakiuF69\nYMdPPW4TOvs2vAlzu1FHBe95aF2TNgvkqWB22/PJlRzGBVCoj7vOjg7B2tlX1NVQ\nXbw/hsCY/gSIQcZ3jSdxQl6lKDEDLva3sbLJrVJIr4zDyzDx894Db5jSsKG8ZOFJ\nHOuccvtAbKVuujE5quO+FdULgXL5s+43AoIBAFRORIKhl2/lMdgbC1bp7MHkougA\nYFhRsepB256fw/Xjk4QAYHU+VXJuqS64MwBMndA1i929O2y5cHRuhnRFw+vGy2SH\nMgdOS9vjdABaNMq8beXK3gfkk8L1DE+apbgBhv4ETvbjr6NVLZGQ7HaU+WhaE/07\nHW4ndZ/DqEjhubSnu/mBVyq2G8l2wDo+4XRcx/yrVrp5NRq1TxpwxKed8KtgFliL\nj5Dzv9ztktwcRlDqfSx6zXNoDNL1iLr9yOu4KZhq+2MC1K9EXOOU0T6OVKcNHNxX\nQzOvqI+H0je/6mpsasx8sVfyrAZNHhk98cDcAOkDwG/UjU3jRGYlPh13WAg=\n-----END RSA PRIVATE KEY-----\n",
            "private_key_pem_pkcs8": "-----BEGIN PRIVATE KEY-----\nMIIJQgIBADANBgkqhkiG9w0BAQEFAASCCSwwggkoAgEAAoICAQC5hngdzhmF6cUv\n5ycG/gmd3EBWRnclNazWzXfsdbFhTVGmrGMB1kRCnzG/aRLvdL9G+w7mnN2ilG7s\nQnvNFFOmEaSiUH7f2s9gSAXPCBA0Ci4JzJZsIqOr1G8a3KLT0Pe2FURlXjchc8L9\ndkoP8N+aJ3m2RXjwHg0DrZi795k18zgucPSoeRmRHbsTuCTRPPb+5izD/gF4vyJl\nE+4KUW5ND4krfboeXJqbEygp0jqYeWO/nwmUj9GGBp8s28AgF0xPHWy28Kiklq9a\nN9nwwDbE+qFdtUQ3zNV8lmGlrt3+QFALpHVhYAHoYS4yxX1mZ08g6/hFdEhbyWFK\nuoJ9qIWq3ccDliGbrByJLR+HHMxbjXPYyslhHFyWN3K+vzc7IZSpfk4OycUsJgK4\nHZDqmE9UHHt5X3gasKAIfFdoE6+jXj+9sfRF9rPeG8rpFZCwPt60EzFW461uQG+R\nZg2gSFjtpiGeHSiagpSxLMSzl2OcY8HuFhGOM2GdGiF9sN5D/MtnbGhnhvJOlj2v\npWGzKp0+SsgZXUEJZWJ2j8VN2ogw6f1NYroOS5elPuTpUQ1pnOnhhyH0DywwTCrI\nlZlz7f+CTbvVN2tXJTtFPrF9qjn2KLb0t+fSp5cI2OkEC7dY7W4CS/wD0Txdkhdx\nQAHObhw51cDIZzBa8yb1JjI75zfM4wIDAQABAoICAD7GKBh1px8vlT/7J7Ju/JQE\ndWR73U6i1cOsrDo/LHCu98S8qZdyh5A/S1bn17dcOmhrBIS1aSzcqpeYe0lN6mvT\npnAhanyWDfsXA5gks07YbvFz3yXhpp26eImPRC0FlPtwQL9H3MGd6MlYYAD60L3Z\nQ46P/TbKBD9NWtOnGJkvnb/hCneC2krG04j9kr+VsEFZYqZCaP8RNTMcRjwJh5fd\nfN1RYktprApytfFIp/j1gfHRfy1caFnAHdXQ2TZCi9htLV7NGVLvhY+yPDUA5MdL\nwpPxhI6Y6VeJjqq/+29PFYaK9AipspuNXlNhjWe75wNNtKjTirQ79IaTixm3jtpI\neXYiIYEy6jKye8hMjoxJaYNDEuofMK5SuFEZVsxZtvwcDd1N9fxvWTC7mig0itmw\n2GSEIGiD9L/6SIBdFhXvDhjn36DZKHKXEbchhr9xxh7gyt/3Mvw78+GfTVCo8fd4\nPmdF/Rs4FvyvAMWMjgPXx4EC2NNY/OAFN9s+P3JXfnPccmy+ZIYj6QZLQkDtkte0\n3RWk1pVOmpQlhH18CfM9+HArCNmQsvtQdv3tBayIU/3DWo9TRZBAxRpn4fSQVaMh\nJJ+PRtoulv/WFWyST38lJmSW6xpcKNFBgggI75Oc2Sm7Y5ZYhnkZMy3h38VD6xvK\nIEnadXa0kNObEni2i9mhAoIBAQDEIwc80gKL1RO7jX4S8Ar8cD3okKQgyxRLzUSK\nX7hNcIJlpKErdy+RiRz7QNdsLUfATNpIkL5/dI0hbbRmUPLK6AhUgqAFecR6CcKc\nDTXR+6LL+hvVAll/EfHP4Tvydv5ECSm6AfOFePZpeugT/i49kn2Hciq4H5PxK0Py\nsd2yezJDnPwmvwrskJKPKJhUGTrcdtdaMvQrEfKb1B8CiEKZxxKsf6RFfKJq+Xll\npTZP0Emw5x9HY47Fwa2+rFVIaFimnbKevST8/s90vgCME//7YppagbEzVFGo/fV5\neznfYiUL9s7wrvWd/M0IlDMPuKQtiMKIWtm6QzEfPf5DogGxAoIBAQDyJlEFa8ZI\nkKHqtpZ6a+tAihpCX76znRSrglaAzlkoleohE/3bl1j6gopfr07Wh5dfDkT9bQPr\nGl+l2r6FtY/nJN3l8LjazdaiCiHsXx0APxTYsPWDHlklVwxDxO4mrmg0sT2UtRAx\nF0mafBCmUs3p1omjq5DaiEuznPJE+4ZWrgyO8uk8g1S+Yp1JGuQA4A4CVQ/LStQd\nTe6uVTF4RHextYeAJ0Qyl4HS9TvmVQHJYeJIlhJByaEYE0rUkSab9cPJUMLnqdOo\n+owmUOBegh3KWh3hIxyIfA1uwHOKQxZ+1smPbnYLdDVtSKgy4jR/vKGFrTwcDQ4f\ndmcDl/2rqOjTAoIBAB+c0bbQ1o45KrQJCy/8NpkXcjMA1SNf+AZ7sDdpVChPIQVG\n8p8x153qbpxkiBQsfCsXd/tIMRwT6gdgSjpPg8KGgYk1gJtBVBSjbBWA35LXrxaX\nWlMLzOb5OnNaBzJ+UV8f5vTPCbQSmgzIPY2zYzqTWN4y3YXNuSee5JXCa0wwJRrW\nu6F3G0ijyKuATIUJh/4uvWkRW19xxhutpc3frnRgrLbW3+A/RWJekV17snRMywPT\nTKxR9JoVLG7WEezYvKkmM7r4G3UXkNJtKWNqedDHxL8ftjLivUKypBUPcnV5uSTj\ng9kxKe9r5pQiZtR62yNnrosRsZQe7lTtxgSaoRECggEBAIcnccNn0yU/bNBXlwe/\nYnAEZQG09PjFbPsJZYTBJ6xqeGJ8CQ3enLA92kPr0kIVLhzFFyaoCS7Y6pfkzsBM\nhYRK5Htp75NYnjqVEzgeIk635sfHhVDoyHL58gOFUDNQ1yLJ5ogww1fTGqbaJmTf\nBMVGlE5A/TmsJyyaJfLwvJt2y9WhqSK4Xr1gx089bhM6+za8CXO7UUcF73loXZM2\nC+SpYHbb88mVHMYFUKiPu86ODsHa2VfU1VBdvD+GwJj+BIhBxneNJ3FCXqUoMQMu\n9rexssmtUkivjMPLMPHz3gNvmNKwobxk4Ukc65xy+0BspW66MTmq474V1QuBcvmz\n7jcCggEAVE5EgqGXb+Ux2BsLVunsweSi6ABgWFGx6kHbnp/D9eOThABgdT5Vcm6p\nLrgzAEyd0DWL3b07bLlwdG6GdEXD68bLZIcyB05L2+N0AFo0yrxt5creB+STwvUM\nT5qluAGG/gRO9uOvo1UtkZDsdpT5aFoT/Tsdbid1n8OoSOG5tKe7+YFXKrYbyXbA\nOj7hdFzH/KtWunk1GrVPGnDEp53wq2AWWIuPkPO/3O2S3BxGUOp9LHrNc2gM0vWI\nuv3I67gpmGr7YwLUr0Rc45TRPo5Upw0c3FdDM6+oj4fSN7/qamxqzHyxV/KsBk0e\nGT3xwNwA6QPAb9SNTeNEZiU+HXdYCA==\n-----END PRIVATE KEY-----\n",
            "public_key_fingerprint_md5": "f7:04:44:a4:85:ad:f9:e0:7a:38:8d:5c:7c:2f:4d:af",
            "public_key_fingerprint_sha256": "SHA256:qp4xpy9YbW4PhJ922MoaM8P5XXyT98KSgSxqSLGeoFA",
            "public_key_openssh": "ssh-rsa AAAAB3NzaC1yc2EAAAADAQABAAACAQC5hngdzhmF6cUv5ycG/gmd3EBWRnclNazWzXfsdbFhTVGmrGMB1kRCnzG/aRLvdL9G+w7mnN2ilG7sQnvNFFOmEaSiUH7f2s9gSAXPCBA0Ci4JzJZsIqOr1G8a3KLT0Pe2FURlXjchc8L9dkoP8N+aJ3m2RXjwHg0DrZi795k18zgucPSoeRmRHbsTuCTRPPb+5izD/gF4vyJlE+4KUW5ND4krfboeXJqbEygp0jqYeWO/nwmUj9GGBp8s28AgF0xPHWy28Kiklq9aN9nwwDbE+qFdtUQ3zNV8lmGlrt3+QFALpHVhYAHoYS4yxX1mZ08g6/hFdEhbyWFKuoJ9qIWq3ccDliGbrByJLR+HHMxbjXPYyslhHFyWN3K+vzc7IZSpfk4OycUsJgK4HZDqmE9UHHt5X3gasKAIfFdoE6+jXj+9sfRF9rPeG8rpFZCwPt60EzFW461uQG+RZg2gSFjtpiGeHSiagpSxLMSzl2OcY8HuFhGOM2GdGiF9sN5D/MtnbGhnhvJOlj2vpWGzKp0+SsgZXUEJZWJ2j8VN2ogw6f1NYroOS5elPuTpUQ1pnOnhhyH0DywwTCrIlZlz7f+CTbvVN2tXJTtFPrF9qjn2KLb0t+fSp5cI2OkEC7dY7W4CS/wD0TxdkhdxQAHObhw51cDIZzBa8yb1JjI75zfM4w==\n",
            "public_key_pem": "-----BEGIN PUBLIC KEY-----\nMIICIjANBgkqhkiG9w0BAQEFAAOCAg8AMIICCgKCAgEAuYZ4Hc4ZhenFL+cnBv4J\nndxAVkZ3JTWs1s137HWxYU1RpqxjAdZEQp8xv2kS73S/RvsO5pzdopRu7EJ7zRRT\nphGkolB+39rPYEgFzwgQNAouCcyWbCKjq9RvGtyi09D3thVEZV43IXPC/XZKD/Df\nmid5tkV48B4NA62Yu/eZNfM4LnD0qHkZkR27E7gk0Tz2/uYsw/4BeL8iZRPuClFu\nTQ+JK326HlyamxMoKdI6mHljv58JlI/RhgafLNvAIBdMTx1stvCopJavWjfZ8MA2\nxPqhXbVEN8zVfJZhpa7d/kBQC6R1YWAB6GEuMsV9ZmdPIOv4RXRIW8lhSrqCfaiF\nqt3HA5Yhm6wciS0fhxzMW41z2MrJYRxcljdyvr83OyGUqX5ODsnFLCYCuB2Q6phP\nVBx7eV94GrCgCHxXaBOvo14/vbH0Rfaz3hvK6RWQsD7etBMxVuOtbkBvkWYNoEhY\n7aYhnh0omoKUsSzEs5djnGPB7hYRjjNhnRohfbDeQ/zLZ2xoZ4byTpY9r6Vhsyqd\nPkrIGV1BCWVido/FTdqIMOn9TWK6DkuXpT7k6VENaZzp4Ych9A8sMEwqyJWZc+3/\ngk271TdrVyU7RT6xfao59ii29Lfn0qeXCNjpBAu3WO1uAkv8A9E8XZIXcUABzm4c\nOdXAyGcwWvMm9SYyO+c3zOMCAwEAAQ==\n-----END PUBLIC KEY-----\n",
            "rsa_bits": 4096
          },
          "sensitive_attributes": []
        }
      ]
    }
  ],
  "check_results": null
}
